
Microsoft Visual Studio Solution File, Format Version 12.00
# Visual Studio Version 16
VisualStudioVersion = 16.0.28803.352
MinimumVisualStudioVersion = 10.0.40219.1
Project("{9A19103F-16F7-4668-BE54-9A1E7A4F7556}") = "cdphp-bot-survey", "cdphp-bot-survey.csproj", "{2FF79709-35C5-48DB-99B6-DAC5328FA01D}"
EndProject
Global
	GlobalSection(SolutionConfigurationPlatforms) = preSolution
		Debug|Any CPU = Debug|Any CPU
		Release|Any CPU = Release|Any CPU
	EndGlobalSection
	GlobalSection(ProjectConfigurationPlatforms) = postSolution
		{2FF79709-35C5-48DB-99B6-DAC5328FA01D}.Debug|Any CPU.ActiveCfg = Debug|Any CPU
		{2FF79709-35C5-48DB-99B6-DAC5328FA01D}.Debug|Any CPU.Build.0 = Debug|Any CPU
		{2FF79709-35C5-48DB-99B6-DAC5328FA01D}.Release|Any CPU.ActiveCfg = Release|Any CPU
		{2FF79709-35C5-48DB-99B6-DAC5328FA01D}.Release|Any CPU.Build.0 = Release|Any CPU
	EndGlobalSection
	GlobalSection(SolutionProperties) = preSolution
		HideSolutionNode = FALSE
	EndGlobalSection
	GlobalSection(ExtensibilityGlobals) = postSolution
		SolutionGuid = {5E51603B-E2B3-4DE2-A976-88DA9EC91B6D}
	EndGlobalSection
EndGlobal
